
Microsoft Visual Studio Solution File, Format Version 12.00
# Visual Studio Version 17
VisualStudioVersion = 17.0.31903.59
MinimumVisualStudioVersion = 10.0.40219.1
Project("{9A19103F-16F7-4668-BE54-9A1E7A4F7556}") = "APIClientes", "APIClientes.csproj", "{ECA1CC69-F56B-4117-A962-C741D121826B}"
EndProject
Project("{2150E333-8FDC-42A3-9474-1A3956D46DE8}") = "API", "API", "{D0F9858F-DD8B-4D5D-939F-8AAB4AF7E8CF}"
EndProject
Project("{2150E333-8FDC-42A3-9474-1A3956D46DE8}") = "CORE", "CORE", "{F8538DF2-2DAC-4F95-8DC7-0684FF3156A8}"
EndProject
Project("{2150E333-8FDC-42A3-9474-1A3956D46DE8}") = "INFRAESTRUCTURE", "INFRAESTRUCTURE", "{80823BD1-FBE7-461C-BEE5-C21C65B4D2D2}"
EndProject
Project("{FAE04EC0-301F-11D3-BF4B-00C04F79EFBC}") = "Application", "..\Application\Application.csproj", "{3B4354FA-B428-4EE2-9929-EC46AAE99FE4}"
EndProject
Project("{FAE04EC0-301F-11D3-BF4B-00C04F79EFBC}") = "Domain", "..\Domain\Domain.csproj", "{9ED6E733-B190-4E03-AE61-9B42B6E0859D}"
EndProject
Project("{FAE04EC0-301F-11D3-BF4B-00C04F79EFBC}") = "Persistence", "..\Persistence\Persistence.csproj", "{966AC0E1-2117-4991-BDCB-EA7ACF244F13}"
EndProject
Project("{FAE04EC0-301F-11D3-BF4B-00C04F79EFBC}") = "Shared", "..\Shared\Shared.csproj", "{D6F1ED0D-F0C9-4FAF-B376-4B995BC2B2C4}"
EndProject
Global
	GlobalSection(SolutionConfigurationPlatforms) = preSolution
		Debug|Any CPU = Debug|Any CPU
		Release|Any CPU = Release|Any CPU
	EndGlobalSection
	GlobalSection(ProjectConfigurationPlatforms) = postSolution
		{ECA1CC69-F56B-4117-A962-C741D121826B}.Debug|Any CPU.ActiveCfg = Debug|Any CPU
		{ECA1CC69-F56B-4117-A962-C741D121826B}.Debug|Any CPU.Build.0 = Debug|Any CPU
		{ECA1CC69-F56B-4117-A962-C741D121826B}.Release|Any CPU.ActiveCfg = Release|Any CPU
		{ECA1CC69-F56B-4117-A962-C741D121826B}.Release|Any CPU.Build.0 = Release|Any CPU
		{3B4354FA-B428-4EE2-9929-EC46AAE99FE4}.Debug|Any CPU.ActiveCfg = Debug|Any CPU
		{3B4354FA-B428-4EE2-9929-EC46AAE99FE4}.Debug|Any CPU.Build.0 = Debug|Any CPU
		{3B4354FA-B428-4EE2-9929-EC46AAE99FE4}.Release|Any CPU.ActiveCfg = Release|Any CPU
		{3B4354FA-B428-4EE2-9929-EC46AAE99FE4}.Release|Any CPU.Build.0 = Release|Any CPU
		{9ED6E733-B190-4E03-AE61-9B42B6E0859D}.Debug|Any CPU.ActiveCfg = Debug|Any CPU
		{9ED6E733-B190-4E03-AE61-9B42B6E0859D}.Debug|Any CPU.Build.0 = Debug|Any CPU
		{9ED6E733-B190-4E03-AE61-9B42B6E0859D}.Release|Any CPU.ActiveCfg = Release|Any CPU
		{9ED6E733-B190-4E03-AE61-9B42B6E0859D}.Release|Any CPU.Build.0 = Release|Any CPU
		{966AC0E1-2117-4991-BDCB-EA7ACF244F13}.Debug|Any CPU.ActiveCfg = Debug|Any CPU
		{966AC0E1-2117-4991-BDCB-EA7ACF244F13}.Debug|Any CPU.Build.0 = Debug|Any CPU
		{966AC0E1-2117-4991-BDCB-EA7ACF244F13}.Release|Any CPU.ActiveCfg = Release|Any CPU
		{966AC0E1-2117-4991-BDCB-EA7ACF244F13}.Release|Any CPU.Build.0 = Release|Any CPU
		{D6F1ED0D-F0C9-4FAF-B376-4B995BC2B2C4}.Debug|Any CPU.ActiveCfg = Debug|Any CPU
		{D6F1ED0D-F0C9-4FAF-B376-4B995BC2B2C4}.Debug|Any CPU.Build.0 = Debug|Any CPU
		{D6F1ED0D-F0C9-4FAF-B376-4B995BC2B2C4}.Release|Any CPU.ActiveCfg = Release|Any CPU
		{D6F1ED0D-F0C9-4FAF-B376-4B995BC2B2C4}.Release|Any CPU.Build.0 = Release|Any CPU
	EndGlobalSection
	GlobalSection(SolutionProperties) = preSolution
		HideSolutionNode = FALSE
	EndGlobalSection
	GlobalSection(NestedProjects) = preSolution
		{ECA1CC69-F56B-4117-A962-C741D121826B} = {D0F9858F-DD8B-4D5D-939F-8AAB4AF7E8CF}
		{3B4354FA-B428-4EE2-9929-EC46AAE99FE4} = {F8538DF2-2DAC-4F95-8DC7-0684FF3156A8}
		{9ED6E733-B190-4E03-AE61-9B42B6E0859D} = {F8538DF2-2DAC-4F95-8DC7-0684FF3156A8}
		{966AC0E1-2117-4991-BDCB-EA7ACF244F13} = {80823BD1-FBE7-461C-BEE5-C21C65B4D2D2}
		{D6F1ED0D-F0C9-4FAF-B376-4B995BC2B2C4} = {80823BD1-FBE7-461C-BEE5-C21C65B4D2D2}
	EndGlobalSection
	GlobalSection(ExtensibilityGlobals) = postSolution
		SolutionGuid = {37DA7D91-3ED2-408D-8A2F-05EBFA786511}
	EndGlobalSection
EndGlobal
