
Microsoft Visual Studio Solution File, Format Version 12.00
# Visual Studio Version 17
VisualStudioVersion = 17.0.31903.59
MinimumVisualStudioVersion = 10.0.40219.1
Project("{FAE04EC0-301F-11D3-BF4B-00C04F79EFBC}") = "APIClientes", "APIClientes.csproj", "{ECA1CC69-F56B-4117-A962-C741D121826B}"
EndProject
Global
	GlobalSection(SolutionConfigurationPlatforms) = preSolution
		Debug|Any CPU = Debug|Any CPU
		Release|Any CPU = Release|Any CPU
	EndGlobalSection
	GlobalSection(ProjectConfigurationPlatforms) = postSolution
		{ECA1CC69-F56B-4117-A962-C741D121826B}.Debug|Any CPU.ActiveCfg = Debug|Any CPU
		{ECA1CC69-F56B-4117-A962-C741D121826B}.Debug|Any CPU.Build.0 = Debug|Any CPU
		{ECA1CC69-F56B-4117-A962-C741D121826B}.Release|Any CPU.ActiveCfg = Release|Any CPU
		{ECA1CC69-F56B-4117-A962-C741D121826B}.Release|Any CPU.Build.0 = Release|Any CPU
	EndGlobalSection
	GlobalSection(SolutionProperties) = preSolution
		HideSolutionNode = FALSE
	EndGlobalSection
	GlobalSection(ExtensibilityGlobals) = postSolution
		SolutionGuid = {37DA7D91-3ED2-408D-8A2F-05EBFA786511}
	EndGlobalSection
EndGlobal
